// !$*UTF8*$!
{
	archiveVersion = 1;
	classes = {
	};
	objectVersion = 77;
	objects = {

/* Begin PBXContainerItemProxy section */
		D3648C332F919ABA008C9E54 /* PBXContainerItemProxy */ = {
			isa = PBXContainerItemProxy;
			containerPortal = D3648C1B2F919AB8008C9E54 /* Project object */;
			proxyType = 1;
			remoteGlobalIDString = D3648C222F919AB8008C9E54;
			remoteInfo = SSHDock;
		};
		D3648C3D2F919ABA008C9E54 /* PBXContainerItemProxy */ = {
			isa = PBXContainerItemProxy;
			containerPortal = D3648C1B2F919AB8008C9E54 /* Project object */;
			proxyType = 1;
			remoteGlobalIDString = D3648C222F919AB8008C9E54;
			remoteInfo = SSHDock;
		};
/* End PBXContainerItemProxy section */

/* Begin PBXFileReference section */
		D3648C232F919AB8008C9E54 /* SSHDock.app */ = {isa = PBXFileReference; explicitFileType = wrapper.application; includeInIndex = 0; path = SSHDock.app; sourceTree = BUILT_PRODUCTS_DIR; };
		D3648C322F919ABA008C9E54 /* SSHDockTests.xctest */ = {isa = PBXFileReference; explicitFileType = wrapper.cfbundle; includeInIndex = 0; path = SSHDockTests.xctest; sourceTree = BUILT_PRODUCTS_DIR; };
		D3648C3C2F919ABA008C9E54 /* SSHDockUITests.xctest */ = {isa = PBXFileReference; explicitFileType = wrapper.cfbundle; includeInIndex = 0; path = SSHDockUITests.xctest; sourceTree = BUILT_PRODUCTS_DIR; };
/* End PBXFileReference section */

/* Begin PBXFileSystemSynchronizedRootGroup section */
		D3648C252F919AB8008C9E54 /* SSHDock */ = {
			isa = PBXFileSystemSynchronizedRootGroup;
			path = SSHDock;
			sourceTree = "<group>";
		};
		D3648C352F919ABA008C9E54 /* SSHDockTests */ = {
			isa = PBXFileSystemSynchronizedRootGroup;
			path = SSHDockTests;
			sourceTree = "<group>";
		};
		D3648C3F2F919ABA008C9E54 /* SSHDockUITests */ = {
			isa = PBXFileSystemSynchronizedRootGroup;
			path = SSHDockUITests;
			sourceTree = "<group>";
		};
/* End PBXFileSystemSynchronizedRootGroup section */

/* Begin PBXFrameworksBuildPhase section */
		D3648C202F919AB8008C9E54 /* Frameworks */ = {
			isa = PBXFrameworksBuildPhase;
			buildActionMask = 2147483647;
			files = (
			);
			runOnlyForDeploymentPostprocessing = 0;
		};
		D3648C2F2F919ABA008C9E54 /* Frameworks */ = {
			isa = PBXFrameworksBuildPhase;
			buildActionMask = 2147483647;
			files = (
			);
			runOnlyForDeploymentPostprocessing = 0;
		};
		D3648C392F919ABA008C9E54 /* Frameworks */ = {
			isa = PBXFrameworksBuildPhase;
			buildActionMask = 2147483647;
			files = (
			);
			runOnlyForDeploymentPostprocessing = 0;
		};
/* End PBXFrameworksBuildPhase section */

/* Begin PBXGroup section */
		D3648C1A2F919AB8008C9E54 = {
			isa = PBXGroup;
			children = (
				D3648C252F919AB8008C9E54 /* SSHDock */,
				D3648C352F919ABA008C9E54 /* SSHDockTests */,
				D3648C3F2F919ABA008C9E54 /* SSHDockUITests */,
				D3648C242F919AB8008C9E54 /* Products */,
			);
			sourceTree = "<group>";
		};
		D3648C242F919AB8008C9E54 /* Products */ = {
			isa = PBXGroup;
			children = (
				D3648C232F919AB8008C9E54 /* SSHDock.app */,
				D3648C322F919ABA008C9E54 /* SSHDockTests.xctest */,
				D3648C3C2F919ABA008C9E54 /* SSHDockUITests.xctest */,
			);
			name = Products;
			sourceTree = "<group>";
		};
/* End PBXGroup section */

/* Begin PBXNativeTarget section */
		D3648C222F919AB8008C9E54 /* SSHDock */ = {
			isa = PBXNativeTarget;
			buildConfigurationList = D3648C462F919ABA008C9E54 /* Build configuration list for PBXNativeTarget "SSHDock" */;
			buildPhases = (
				D3648C1F2F919AB8008C9E54 /* Sources */,
				D3648C202F919AB8008C9E54 /* Frameworks */,
				D3648C212F919AB8008C9E54 /* Resources */,
			);
			buildRules = (
			);
			dependencies = (
			);
			fileSystemSynchronizedGroups = (
				D3648C252F919AB8008C9E54 /* SSHDock */,
			);
			name = SSHDock;
			packageProductDependencies = (
			);
			productName = SSHDock;
			productReference = D3648C232F919AB8008C9E54 /* SSHDock.app */;
			productType = "com.apple.product-type.application";
		};
		D3648C312F919ABA008C9E54 /* SSHDockTests */ = {
			isa = PBXNativeTarget;
			buildConfigurationList = D3648C492F919ABA008C9E54 /* Build configuration list for PBXNativeTarget "SSHDockTests" */;
			buildPhases = (
				D3648C2E2F919ABA008C9E54 /* Sources */,
				D3648C2F2F919ABA008C9E54 /* Frameworks */,
				D3648C302F919ABA008C9E54 /* Resources */,
			);
			buildRules = (
			);
			dependencies = (
				D3648C342F919ABA008C9E54 /* PBXTargetDependency */,
			);
			fileSystemSynchronizedGroups = (
				D3648C352F919ABA008C9E54 /* SSHDockTests */,
			);
			name = SSHDockTests;
			packageProductDependencies = (
			);
			productName = SSHDockTests;
			productReference = D3648C322F919ABA008C9E54 /* SSHDockTests.xctest */;
			productType = "com.apple.product-type.bundle.unit-test";
		};
		D3648C3B2F919ABA008C9E54 /* SSHDockUITests */ = {
			isa = PBXNativeTarget;
			buildConfigurationList = D3648C4C2F919ABA008C9E54 /* Build configuration list for PBXNativeTarget "SSHDockUITests" */;
			buildPhases = (
				D3648C382F919ABA008C9E54 /* Sources */,
				D3648C392F919ABA008C9E54 /* Frameworks */,
				D3648C3A2F919ABA008C9E54 /* Resources */,
			);
			buildRules = (
			);
			dependencies = (
				D3648C3E2F919ABA008C9E54 /* PBXTargetDependency */,
			);
			fileSystemSynchronizedGroups = (
				D3648C3F2F919ABA008C9E54 /* SSHDockUITests */,
			);
			name = SSHDockUITests;
			packageProductDependencies = (
			);
			productName = SSHDockUITests;
			productReference = D3648C3C2F919ABA008C9E54 /* SSHDockUITests.xctest */;
			productType = "com.apple.product-type.bundle.ui-testing";
		};
/* End PBXNativeTarget section */

/* Begin PBXProject section */
		D3648C1B2F919AB8008C9E54 /* Project object */ = {
			isa = PBXProject;
			attributes = {
				BuildIndependentTargetsInParallel = 1;
				LastSwiftUpdateCheck = 2600;
				LastUpgradeCheck = 2600;
				TargetAttributes = {
					D3648C222F919AB8008C9E54 = {
						CreatedOnToolsVersion = 26.0.1;
					};
					D3648C312F919ABA008C9E54 = {
						CreatedOnToolsVersion = 26.0.1;
						TestTargetID = D3648C222F919AB8008C9E54;
					};
					D3648C3B2F919ABA008C9E54 = {
						CreatedOnToolsVersion = 26.0.1;
						TestTargetID = D3648C222F919AB8008C9E54;
					};
				};
			};
			buildConfigurationList = D3648C1E2F919AB8008C9E54 /* Build configuration list for PBXProject "SSHDock" */;
			developmentRegion = en;
			hasScannedForEncodings = 0;
			knownRegions = (
				en,
				Base,
			);
			mainGroup = D3648C1A2F919AB8008C9E54;
			minimizedProjectReferenceProxies = 1;
			preferredProjectObjectVersion = 77;
			productRefGroup = D3648C242F919AB8008C9E54 /* Products */;
			projectDirPath = "";
			projectRoot = "";
			targets = (
				D3648C222F919AB8008C9E54 /* SSHDock */,
				D3648C312F919ABA008C9E54 /* SSHDockTests */,
				D3648C3B2F919ABA008C9E54 /* SSHDockUITests */,
			);
		};
/* End PBXProject section */

/* Begin PBXResourcesBuildPhase section */
		D3648C212F919AB8008C9E54 /* Resources */ = {
			isa = PBXResourcesBuildPhase;
			buildActionMask = 2147483647;
			files = (
			);
			runOnlyForDeploymentPostprocessing = 0;
		};
		D3648C302F919ABA008C9E54 /* Resources */ = {
			isa = PBXResourcesBuildPhase;
			buildActionMask = 2147483647;
			files = (
			);
			runOnlyForDeploymentPostprocessing = 0;
		};
		D3648C3A2F919ABA008C9E54 /* Resources */ = {
			isa = PBXResourcesBuildPhase;
			buildActionMask = 2147483647;
			files = (
			);
			runOnlyForDeploymentPostprocessing = 0;
		};
/* End PBXResourcesBuildPhase section */

/* Begin PBXSourcesBuildPhase section */
		D3648C1F2F919AB8008C9E54 /* Sources */ = {
			isa = PBXSourcesBuildPhase;
			buildActionMask = 2147483647;
			files = (
			);
			runOnlyForDeploymentPostprocessing = 0;
		};
		D3648C2E2F919ABA008C9E54 /* Sources */ = {
			isa = PBXSourcesBuildPhase;
			buildActionMask = 2147483647;
			files = (
			);
			runOnlyForDeploymentPostprocessing = 0;
		};
		D3648C382F919ABA008C9E54 /* Sources */ = {
			isa = PBXSourcesBuildPhase;
			buildActionMask = 2147483647;
			files = (
			);
			runOnlyForDeploymentPostprocessing = 0;
		};
/* End PBXSourcesBuildPhase section */

/* Begin PBXTargetDependency section */
		D3648C342F919ABA008C9E54 /* PBXTargetDependency */ = {
			isa = PBXTargetDependency;
			target = D3648C222F919AB8008C9E54 /* SSHDock */;
			targetProxy = D3648C332F919ABA008C9E54 /* PBXContainerItemProxy */;
		};
		D3648C3E2F919ABA008C9E54 /* PBXTargetDependency */ = {
			isa = PBXTargetDependency;
			target = D3648C222F919AB8008C9E54 /* SSHDock */;
			targetProxy = D3648C3D2F919ABA008C9E54 /* PBXContainerItemProxy */;
		};
/* End PBXTargetDependency section */

/* Begin XCBuildConfiguration section */
		D3648C442F919ABA008C9E54 /* Debug */ = {
			isa = XCBuildConfiguration;
			buildSettings = {
				ALWAYS_SEARCH_USER_PATHS = NO;
				ASSETCATALOG_COMPILER_GENERATE_SWIFT_ASSET_SYMBOL_EXTENSIONS = YES;
				CLANG_ANALYZER_NONNULL = YES;
				CLANG_ANALYZER_NUMBER_OBJECT_CONVERSION = YES_AGGRESSIVE;
				CLANG_CXX_LANGUAGE_STANDARD = "gnu++20";
				CLANG_ENABLE_MODULES = YES;
				CLANG_ENABLE_OBJC_ARC = YES;
				CLANG_ENABLE_OBJC_WEAK = YES;
				CLANG_WARN_BLOCK_CAPTURE_AUTORELEASING = YES;
				CLANG_WARN_BOOL_CONVERSION = YES;
				CLANG_WARN_COMMA = YES;
				CLANG_WARN_CONSTANT_CONVERSION = YES;
				CLANG_WARN_DEPRECATED_OBJC_IMPLEMENTATIONS = YES;
				CLANG_WARN_DIRECT_OBJC_ISA_USAGE = YES_ERROR;
				CLANG_WARN_DOCUMENTATION_COMMENTS = YES;
				CLANG_WARN_EMPTY_BODY = YES;
				CLANG_WARN_ENUM_CONVERSION = YES;
				CLANG_WARN_INFINITE_RECURSION = YES;
				CLANG_WARN_INT_CONVERSION = YES;
				CLANG_WARN_NON_LITERAL_NULL_CONVERSION = YES;
				CLANG_WARN_OBJC_IMPLICIT_RETAIN_SELF = YES;
				CLANG_WARN_OBJC_LITERAL_CONVERSION = YES;
				CLANG_WARN_OBJC_ROOT_CLASS = YES_ERROR;
				CLANG_WARN_QUOTED_INCLUDE_IN_FRAMEWORK_HEADER = YES;
				CLANG_WARN_RANGE_LOOP_ANALYSIS = YES;
				CLANG_WARN_STRICT_PROTOTYPES = YES;
				CLANG_WARN_SUSPICIOUS_MOVE = YES;
				CLANG_WARN_UNGUARDED_AVAILABILITY = YES_AGGRESSIVE;
				CLANG_WARN_UNREACHABLE_CODE = YES;
				CLANG_WARN__DUPLICATE_METHOD_MATCH = YES;
				COPY_PHASE_STRIP = NO;
				DEBUG_INFORMATION_FORMAT = dwarf;
				ENABLE_STRICT_OBJC_MSGSEND = YES;
				ENABLE_TESTABILITY = YES;
				ENABLE_USER_SCRIPT_SANDBOXING = YES;
				GCC_C_LANGUAGE_STANDARD = gnu17;
				GCC_DYNAMIC_NO_PIC = NO;
				GCC_NO_COMMON_BLOCKS = YES;
				GCC_OPTIMIZATION_LEVEL = 0;
				GCC_PREPROCESSOR_DEFINITIONS = (
					"DEBUG=1",
					"$(inherited)",
				);
				GCC_WARN_64_TO_32_BIT_CONVERSION = YES;
				GCC_WARN_ABOUT_RETURN_TYPE = YES_ERROR;
				GCC_WARN_UNDECLARED_SELECTOR = YES;
				GCC_WARN_UNINITIALIZED_AUTOS = YES_AGGRESSIVE;
				GCC_WARN_UNUSED_FUNCTION = YES;
				GCC_WARN_UNUSED_VARIABLE = YES;
				LOCALIZATION_PREFERS_STRING_CATALOGS = YES;
				MACOSX_DEPLOYMENT_TARGET = 15.7;
				MTL_ENABLE_DEBUG_INFO = INCLUDE_SOURCE;
				MTL_FAST_MATH = YES;
				ONLY_ACTIVE_ARCH = YES;
				SDKROOT = macosx;
				SWIFT_ACTIVE_COMPILATION_CONDITIONS = "DEBUG $(inherited)";
				SWIFT_OPTIMIZATION_LEVEL = "-Onone";
			};
			name = Debug;
		};
		D3648C452F919ABA008C9E54 /* Release */ = {
			isa = XCBuildConfiguration;
			buildSettings = {
				ALWAYS_SEARCH_USER_PATHS = NO;
				ASSETCATALOG_COMPILER_GENERATE_SWIFT_ASSET_SYMBOL_EXTENSIONS = YES;
				CLANG_ANALYZER_NONNULL = YES;
				CLANG_ANALYZER_NUMBER_OBJECT_CONVERSION = YES_AGGRESSIVE;
				CLANG_CXX_LANGUAGE_STANDARD = "gnu++20";
				CLANG_ENABLE_MODULES = YES;
				CLANG_ENABLE_OBJC_ARC = YES;
				CLANG_ENABLE_OBJC_WEAK = YES;
				CLANG_WARN_BLOCK_CAPTURE_AUTORELEASING = YES;
				CLANG_WARN_BOOL_CONVERSION = YES;
				CLANG_WARN_COMMA = YES;
				CLANG_WARN_CONSTANT_CONVERSION = YES;
				CLANG_WARN_DEPRECATED_OBJC_IMPLEMENTATIONS = YES;
				CLANG_WARN_DIRECT_OBJC_ISA_USAGE = YES_ERROR;
				CLANG_WARN_DOCUMENTATION_COMMENTS = YES;
				CLANG_WARN_EMPTY_BODY = YES;
				CLANG_WARN_ENUM_CONVERSION = YES;
				CLANG_WARN_INFINITE_RECURSION = YES;
				CLANG_WARN_INT_CONVERSION = YES;
				CLANG_WARN_NON_LITERAL_NULL_CONVERSION = YES;
				CLANG_WARN_OBJC_IMPLICIT_RETAIN_SELF = YES;
				CLANG_WARN_OBJC_LITERAL_CONVERSION = YES;
				CLANG_WARN_OBJC_ROOT_CLASS = YES_ERROR;
				CLANG_WARN_QUOTED_INCLUDE_IN_FRAMEWORK_HEADER = YES;
				CLANG_WARN_RANGE_LOOP_ANALYSIS = YES;
				CLANG_WARN_STRICT_PROTOTYPES = YES;
				CLANG_WARN_SUSPICIOUS_MOVE = YES;
				CLANG_WARN_UNGUARDED_AVAILABILITY = YES_AGGRESSIVE;
				CLANG_WARN_UNREACHABLE_CODE = YES;
				CLANG_WARN__DUPLICATE_METHOD_MATCH = YES;
				COPY_PHASE_STRIP = NO;
				DEBUG_INFORMATION_FORMAT = "dwarf-with-dsym";
				ENABLE_NS_ASSERTIONS = NO;
				ENABLE_STRICT_OBJC_MSGSEND = YES;
				ENABLE_USER_SCRIPT_SANDBOXING = YES;
				GCC_C_LANGUAGE_STANDARD = gnu17;
				GCC_NO_COMMON_BLOCKS = YES;
				GCC_WARN_64_TO_32_BIT_CONVERSION = YES;
				GCC_WARN_ABOUT_RETURN_TYPE = YES_ERROR;
				GCC_WARN_UNDECLARED_SELECTOR = YES;
				GCC_WARN_UNINITIALIZED_AUTOS = YES_AGGRESSIVE;
				GCC_WARN_UNUSED_FUNCTION = YES;
				GCC_WARN_UNUSED_VARIABLE = YES;
				LOCALIZATION_PREFERS_STRING_CATALOGS = YES;
				MACOSX_DEPLOYMENT_TARGET = 15.7;
				MTL_ENABLE_DEBUG_INFO = NO;
				MTL_FAST_MATH = YES;
				SDKROOT = macosx;
				SWIFT_COMPILATION_MODE = wholemodule;
			};
			name = Release;
		};
		D3648C472F919ABA008C9E54 /* Debug */ = {
			isa = XCBuildConfiguration;
			buildSettings = {
				ASSETCATALOG_COMPILER_APPICON_NAME = AppIcon;
				ASSETCATALOG_COMPILER_GLOBAL_ACCENT_COLOR_NAME = AccentColor;
				CODE_SIGN_STYLE = Automatic;
				COMBINE_HIDPI_IMAGES = YES;
				CURRENT_PROJECT_VERSION = 1;
				ENABLE_APP_SANDBOX = NO;
				ENABLE_PREVIEWS = YES;
				ENABLE_USER_SELECTED_FILES = readonly;
				GENERATE_INFOPLIST_FILE = YES;
				INFOPLIST_KEY_NSAppleEventsUsageDescription = "SSHDock 需要权限来控制终端应用执行 SSH 命令。";
				INFOPLIST_KEY_NSHumanReadableCopyright = "";
				LD_RUNPATH_SEARCH_PATHS = (
					"$(inherited)",
					"@executable_path/../Frameworks",
				);
				MARKETING_VERSION = 1.0;
				PRODUCT_BUNDLE_IDENTIFIER = levyflight.SSHDock;
				PRODUCT_NAME = "$(TARGET_NAME)";
				REGISTER_APP_GROUPS = YES;
				STRING_CATALOG_GENERATE_SYMBOLS = YES;
				SWIFT_APPROACHABLE_CONCURRENCY = YES;
				SWIFT_DEFAULT_ACTOR_ISOLATION = MainActor;
				SWIFT_EMIT_LOC_STRINGS = YES;
				SWIFT_UPCOMING_FEATURE_MEMBER_IMPORT_VISIBILITY = YES;
				SWIFT_VERSION = 5.0;
			};
			name = Debug;
		};
		D3648C482F919ABA008C9E54 /* Release */ = {
			isa = XCBuildConfiguration;
			buildSettings = {
				ASSETCATALOG_COMPILER_APPICON_NAME = AppIcon;
				ASSETCATALOG_COMPILER_GLOBAL_ACCENT_COLOR_NAME = AccentColor;
				CODE_SIGN_STYLE = Automatic;
				COMBINE_HIDPI_IMAGES = YES;
				CURRENT_PROJECT_VERSION = 1;
				ENABLE_APP_SANDBOX = NO;
				ENABLE_PREVIEWS = YES;
				ENABLE_USER_SELECTED_FILES = readonly;
				GENERATE_INFOPLIST_FILE = YES;
				INFOPLIST_KEY_NSAppleEventsUsageDescription = "SSHDock 需要权限来控制终端应用执行 SSH 命令。";
				INFOPLIST_KEY_NSHumanReadableCopyright = "";
				LD_RUNPATH_SEARCH_PATHS = (
					"$(inherited)",
					"@executable_path/../Frameworks",
				);
				MARKETING_VERSION = 1.0;
				PRODUCT_BUNDLE_IDENTIFIER = levyflight.SSHDock;
				PRODUCT_NAME = "$(TARGET_NAME)";
				REGISTER_APP_GROUPS = YES;
				STRING_CATALOG_GENERATE_SYMBOLS = YES;
				SWIFT_APPROACHABLE_CONCURRENCY = YES;
				SWIFT_DEFAULT_ACTOR_ISOLATION = MainActor;
				SWIFT_EMIT_LOC_STRINGS = YES;
				SWIFT_UPCOMING_FEATURE_MEMBER_IMPORT_VISIBILITY = YES;
				SWIFT_VERSION = 5.0;
			};
			name = Release;
		};
		D3648C4A2F919ABA008C9E54 /* Debug */ = {
			isa = XCBuildConfiguration;
			buildSettings = {
				BUNDLE_LOADER = "$(TEST_HOST)";
				CODE_SIGN_STYLE = Automatic;
				CURRENT_PROJECT_VERSION = 1;
				GENERATE_INFOPLIST_FILE = YES;
				INFOPLIST_KEY_NSAppleEventsUsageDescription = "SSHDock 需要权限来控制终端应用执行 SSH 命令。";
				MACOSX_DEPLOYMENT_TARGET = 15.7;
				MARKETING_VERSION = 1.0;
				PRODUCT_BUNDLE_IDENTIFIER = levyflight.SSHDockTests;
				PRODUCT_NAME = "$(TARGET_NAME)";
				STRING_CATALOG_GENERATE_SYMBOLS = NO;
				SWIFT_APPROACHABLE_CONCURRENCY = YES;
				SWIFT_EMIT_LOC_STRINGS = NO;
				SWIFT_UPCOMING_FEATURE_MEMBER_IMPORT_VISIBILITY = YES;
				SWIFT_VERSION = 5.0;
				TEST_HOST = "$(BUILT_PRODUCTS_DIR)/SSHDock.app/$(BUNDLE_EXECUTABLE_FOLDER_PATH)/SSHDock";
			};
			name = Debug;
		};
		D3648C4B2F919ABA008C9E54 /* Release */ = {
			isa = XCBuildConfiguration;
			buildSettings = {
				BUNDLE_LOADER = "$(TEST_HOST)";
				CODE_SIGN_STYLE = Automatic;
				CURRENT_PROJECT_VERSION = 1;
				GENERATE_INFOPLIST_FILE = YES;
				INFOPLIST_KEY_NSAppleEventsUsageDescription = "SSHDock 需要权限来控制终端应用执行 SSH 命令。";
				MACOSX_DEPLOYMENT_TARGET = 15.7;
				MARKETING_VERSION = 1.0;
				PRODUCT_BUNDLE_IDENTIFIER = levyflight.SSHDockTests;
				PRODUCT_NAME = "$(TARGET_NAME)";
				STRING_CATALOG_GENERATE_SYMBOLS = NO;
				SWIFT_APPROACHABLE_CONCURRENCY = YES;
				SWIFT_EMIT_LOC_STRINGS = NO;
				SWIFT_UPCOMING_FEATURE_MEMBER_IMPORT_VISIBILITY = YES;
				SWIFT_VERSION = 5.0;
				TEST_HOST = "$(BUILT_PRODUCTS_DIR)/SSHDock.app/$(BUNDLE_EXECUTABLE_FOLDER_PATH)/SSHDock";
			};
			name = Release;
		};
		D3648C4D2F919ABA008C9E54 /* Debug */ = {
			isa = XCBuildConfiguration;
			buildSettings = {
				CODE_SIGN_STYLE = Automatic;
				CURRENT_PROJECT_VERSION = 1;
				GENERATE_INFOPLIST_FILE = YES;
				INFOPLIST_KEY_NSAppleEventsUsageDescription = "SSHDock 需要权限来控制终端应用执行 SSH 命令。";
				MARKETING_VERSION = 1.0;
				PRODUCT_BUNDLE_IDENTIFIER = levyflight.SSHDockUITests;
				PRODUCT_NAME = "$(TARGET_NAME)";
				STRING_CATALOG_GENERATE_SYMBOLS = NO;
				SWIFT_APPROACHABLE_CONCURRENCY = YES;
				SWIFT_EMIT_LOC_STRINGS = NO;
				SWIFT_UPCOMING_FEATURE_MEMBER_IMPORT_VISIBILITY = YES;
				SWIFT_VERSION = 5.0;
				TEST_TARGET_NAME = SSHDock;
			};
			name = Debug;
		};
		D3648C4E2F919ABA008C9E54 /* Release */ = {
			isa = XCBuildConfiguration;
			buildSettings = {
				CODE_SIGN_STYLE = Automatic;
				CURRENT_PROJECT_VERSION = 1;
				GENERATE_INFOPLIST_FILE = YES;
				INFOPLIST_KEY_NSAppleEventsUsageDescription = "SSHDock 需要权限来控制终端应用执行 SSH 命令。";
				MARKETING_VERSION = 1.0;
				PRODUCT_BUNDLE_IDENTIFIER = levyflight.SSHDockUITests;
				PRODUCT_NAME = "$(TARGET_NAME)";
				STRING_CATALOG_GENERATE_SYMBOLS = NO;
				SWIFT_APPROACHABLE_CONCURRENCY = YES;
				SWIFT_EMIT_LOC_STRINGS = NO;
				SWIFT_UPCOMING_FEATURE_MEMBER_IMPORT_VISIBILITY = YES;
				SWIFT_VERSION = 5.0;
				TEST_TARGET_NAME = SSHDock;
			};
			name = Release;
		};
/* End XCBuildConfiguration section */

/* Begin XCConfigurationList section */
		D3648C1E2F919AB8008C9E54 /* Build configuration list for PBXProject "SSHDock" */ = {
			isa = XCConfigurationList;
			buildConfigurations = (
				D3648C442F919ABA008C9E54 /* Debug */,
				D3648C452F919ABA008C9E54 /* Release */,
			);
			defaultConfigurationIsVisible = 0;
			defaultConfigurationName = Release;
		};
		D3648C462F919ABA008C9E54 /* Build configuration list for PBXNativeTarget "SSHDock" */ = {
			isa = XCConfigurationList;
			buildConfigurations = (
				D3648C472F919ABA008C9E54 /* Debug */,
				D3648C482F919ABA008C9E54 /* Release */,
			);
			defaultConfigurationIsVisible = 0;
			defaultConfigurationName = Release;
		};
		D3648C492F919ABA008C9E54 /* Build configuration list for PBXNativeTarget "SSHDockTests" */ = {
			isa = XCConfigurationList;
			buildConfigurations = (
				D3648C4A2F919ABA008C9E54 /* Debug */,
				D3648C4B2F919ABA008C9E54 /* Release */,
			);
			defaultConfigurationIsVisible = 0;
			defaultConfigurationName = Release;
		};
		D3648C4C2F919ABA008C9E54 /* Build configuration list for PBXNativeTarget "SSHDockUITests" */ = {
			isa = XCConfigurationList;
			buildConfigurations = (
				D3648C4D2F919ABA008C9E54 /* Debug */,
				D3648C4E2F919ABA008C9E54 /* Release */,
			);
			defaultConfigurationIsVisible = 0;
			defaultConfigurationName = Release;
		};
/* End XCConfigurationList section */
	};
	rootObject = D3648C1B2F919AB8008C9E54 /* Project object */;
}
